
Microsoft Visual Studio Solution File, Format Version 12.00
# Visual Studio Version 17
VisualStudioVersion = 17.13.35825.156 d17.13
MinimumVisualStudioVersion = 10.0.40219.1
Project("{FAE04EC0-301F-11D3-BF4B-00C04F79EFBC}") = "Homework16", "Homework16\Homework16.csproj", "{BA2A1CC7-21B3-4F67-9072-21C86E69D757}"
EndProject
Global
	GlobalSection(SolutionConfigurationPlatforms) = preSolution
		Debug|Any CPU = Debug|Any CPU
		Release|Any CPU = Release|Any CPU
	EndGlobalSection
	GlobalSection(ProjectConfigurationPlatforms) = postSolution
		{BA2A1CC7-21B3-4F67-9072-21C86E69D757}.Debug|Any CPU.ActiveCfg = Debug|Any CPU
		{BA2A1CC7-21B3-4F67-9072-21C86E69D757}.Debug|Any CPU.Build.0 = Debug|Any CPU
		{BA2A1CC7-21B3-4F67-9072-21C86E69D757}.Release|Any CPU.ActiveCfg = Release|Any CPU
		{BA2A1CC7-21B3-4F67-9072-21C86E69D757}.Release|Any CPU.Build.0 = Release|Any CPU
	EndGlobalSection
	GlobalSection(SolutionProperties) = preSolution
		HideSolutionNode = FALSE
	EndGlobalSection
	GlobalSection(ExtensibilityGlobals) = postSolution
		SolutionGuid = {532D69D3-8E44-45B9-831D-461BD495D89F}
	EndGlobalSection
EndGlobal
